
Microsoft Visual Studio Solution File, Format Version 12.00
# Visual Studio 15
VisualStudioVersion = 15.0.26124.0
MinimumVisualStudioVersion = 15.0.26124.0
Project("{2150E333-8FDC-42A3-9474-1A3956D46DE8}") = "src", "src", "{F43371D6-42F7-4A27-98AB-64354778F5FB}"
EndProject
Project("{FAE04EC0-301F-11D3-BF4B-00C04F79EFBC}") = "IdentityServer", "src\IdentityServer\IdentityServer.csproj", "{C226887A-41C2-420C-B9A0-894D872571C5}"
EndProject
Project("{FAE04EC0-301F-11D3-BF4B-00C04F79EFBC}") = "Api", "src\Api\Api.csproj", "{E1BE7778-0921-4960-97C9-4EB409E3B4A3}"
EndProject
Project("{FAE04EC0-301F-11D3-BF4B-00C04F79EFBC}") = "Client", "src\Client\Client.csproj", "{95E1A54C-FAA9-4CE1-B6C5-6BAD67C7A64E}"
EndProject
Global
	GlobalSection(SolutionConfigurationPlatforms) = preSolution
		Debug|Any CPU = Debug|Any CPU
		Debug|x64 = Debug|x64
		Debug|x86 = Debug|x86
		Release|Any CPU = Release|Any CPU
		Release|x64 = Release|x64
		Release|x86 = Release|x86
	EndGlobalSection
	GlobalSection(SolutionProperties) = preSolution
		HideSolutionNode = FALSE
	EndGlobalSection
	GlobalSection(ProjectConfigurationPlatforms) = postSolution
		{C226887A-41C2-420C-B9A0-894D872571C5}.Debug|Any CPU.ActiveCfg = Debug|Any CPU
		{C226887A-41C2-420C-B9A0-894D872571C5}.Debug|Any CPU.Build.0 = Debug|Any CPU
		{C226887A-41C2-420C-B9A0-894D872571C5}.Debug|x64.ActiveCfg = Debug|Any CPU
		{C226887A-41C2-420C-B9A0-894D872571C5}.Debug|x64.Build.0 = Debug|Any CPU
		{C226887A-41C2-420C-B9A0-894D872571C5}.Debug|x86.ActiveCfg = Debug|Any CPU
		{C226887A-41C2-420C-B9A0-894D872571C5}.Debug|x86.Build.0 = Debug|Any CPU
		{C226887A-41C2-420C-B9A0-894D872571C5}.Release|Any CPU.ActiveCfg = Release|Any CPU
		{C226887A-41C2-420C-B9A0-894D872571C5}.Release|Any CPU.Build.0 = Release|Any CPU
		{C226887A-41C2-420C-B9A0-894D872571C5}.Release|x64.ActiveCfg = Release|Any CPU
		{C226887A-41C2-420C-B9A0-894D872571C5}.Release|x64.Build.0 = Release|Any CPU
		{C226887A-41C2-420C-B9A0-894D872571C5}.Release|x86.ActiveCfg = Release|Any CPU
		{C226887A-41C2-420C-B9A0-894D872571C5}.Release|x86.Build.0 = Release|Any CPU
		{E1BE7778-0921-4960-97C9-4EB409E3B4A3}.Debug|Any CPU.ActiveCfg = Debug|Any CPU
		{E1BE7778-0921-4960-97C9-4EB409E3B4A3}.Debug|Any CPU.Build.0 = Debug|Any CPU
		{E1BE7778-0921-4960-97C9-4EB409E3B4A3}.Debug|x64.ActiveCfg = Debug|Any CPU
		{E1BE7778-0921-4960-97C9-4EB409E3B4A3}.Debug|x64.Build.0 = Debug|Any CPU
		{E1BE7778-0921-4960-97C9-4EB409E3B4A3}.Debug|x86.ActiveCfg = Debug|Any CPU
		{E1BE7778-0921-4960-97C9-4EB409E3B4A3}.Debug|x86.Build.0 = Debug|Any CPU
		{E1BE7778-0921-4960-97C9-4EB409E3B4A3}.Release|Any CPU.ActiveCfg = Release|Any CPU
		{E1BE7778-0921-4960-97C9-4EB409E3B4A3}.Release|Any CPU.Build.0 = Release|Any CPU
		{E1BE7778-0921-4960-97C9-4EB409E3B4A3}.Release|x64.ActiveCfg = Release|Any CPU
		{E1BE7778-0921-4960-97C9-4EB409E3B4A3}.Release|x64.Build.0 = Release|Any CPU
		{E1BE7778-0921-4960-97C9-4EB409E3B4A3}.Release|x86.ActiveCfg = Release|Any CPU
		{E1BE7778-0921-4960-97C9-4EB409E3B4A3}.Release|x86.Build.0 = Release|Any CPU
		{95E1A54C-FAA9-4CE1-B6C5-6BAD67C7A64E}.Debug|Any CPU.ActiveCfg = Debug|Any CPU
		{95E1A54C-FAA9-4CE1-B6C5-6BAD67C7A64E}.Debug|Any CPU.Build.0 = Debug|Any CPU
		{95E1A54C-FAA9-4CE1-B6C5-6BAD67C7A64E}.Debug|x64.ActiveCfg = Debug|Any CPU
		{95E1A54C-FAA9-4CE1-B6C5-6BAD67C7A64E}.Debug|x64.Build.0 = Debug|Any CPU
		{95E1A54C-FAA9-4CE1-B6C5-6BAD67C7A64E}.Debug|x86.ActiveCfg = Debug|Any CPU
		{95E1A54C-FAA9-4CE1-B6C5-6BAD67C7A64E}.Debug|x86.Build.0 = Debug|Any CPU
		{95E1A54C-FAA9-4CE1-B6C5-6BAD67C7A64E}.Release|Any CPU.ActiveCfg = Release|Any CPU
		{95E1A54C-FAA9-4CE1-B6C5-6BAD67C7A64E}.Release|Any CPU.Build.0 = Release|Any CPU
		{95E1A54C-FAA9-4CE1-B6C5-6BAD67C7A64E}.Release|x64.ActiveCfg = Release|Any CPU
		{95E1A54C-FAA9-4CE1-B6C5-6BAD67C7A64E}.Release|x64.Build.0 = Release|Any CPU
		{95E1A54C-FAA9-4CE1-B6C5-6BAD67C7A64E}.Release|x86.ActiveCfg = Release|Any CPU
		{95E1A54C-FAA9-4CE1-B6C5-6BAD67C7A64E}.Release|x86.Build.0 = Release|Any CPU
	EndGlobalSection
	GlobalSection(NestedProjects) = preSolution
		{C226887A-41C2-420C-B9A0-894D872571C5} = {F43371D6-42F7-4A27-98AB-64354778F5FB}
		{E1BE7778-0921-4960-97C9-4EB409E3B4A3} = {F43371D6-42F7-4A27-98AB-64354778F5FB}
		{95E1A54C-FAA9-4CE1-B6C5-6BAD67C7A64E} = {F43371D6-42F7-4A27-98AB-64354778F5FB}
	EndGlobalSection
EndGlobal
